// !$*UTF8*$!
{
	archiveVersion = 1;
	classes = {
	};
	objectVersion = 56;
	objects = {

/* Begin PBXBuildFile section */
		27050F9B2B6BD2B200020431 /* Episode.swift in Sources */ = {isa = PBXBuildFile; fileRef = 27050F9A2B6BD2B200020431 /* Episode.swift */; };
		27050F9D2B6BD35600020431 /* CharacterDetailsRepository.swift in Sources */ = {isa = PBXBuildFile; fileRef = 27050F9C2B6BD35600020431 /* CharacterDetailsRepository.swift */; };
		27050FA22B6D1B0500020431 /* ExpandableEpisodeItemView.swift in Sources */ = {isa = PBXBuildFile; fileRef = 27050FA12B6D1B0400020431 /* ExpandableEpisodeItemView.swift */; };
		27050FA52B6D1F1700020431 /* RMImage.swift in Sources */ = {isa = PBXBuildFile; fileRef = 27050FA42B6D1F1700020431 /* RMImage.swift */; };
		27050FA72B6D1F2500020431 /* RMImageObject.swift in Sources */ = {isa = PBXBuildFile; fileRef = 27050FA62B6D1F2500020431 /* RMImageObject.swift */; };
		27050FAB2B6D2CBE00020431 /* ExpandableEpisodeItemObject.swift in Sources */ = {isa = PBXBuildFile; fileRef = 27050FAA2B6D2CBE00020431 /* ExpandableEpisodeItemObject.swift */; };
		27050FAD2B6D2D5300020431 /* ExpandableEpisodeItemObject+Extensions.swift in Sources */ = {isa = PBXBuildFile; fileRef = 27050FAC2B6D2D5300020431 /* ExpandableEpisodeItemObject+Extensions.swift */; };
		2727BA212B72B308000D99D0 /* SearchCharactersRepository.swift in Sources */ = {isa = PBXBuildFile; fileRef = 279D61912B6A6CA0002CFFF9 /* SearchCharactersRepository.swift */; };
		2727BA222B72B310000D99D0 /* CharacterInfo.swift in Sources */ = {isa = PBXBuildFile; fileRef = 279D61802B6A696F002CFFF9 /* CharacterInfo.swift */; };
		2727BA232B72B330000D99D0 /* PaginationInfo.swift in Sources */ = {isa = PBXBuildFile; fileRef = 279D61822B6A69E8002CFFF9 /* PaginationInfo.swift */; };
		2727BA242B72B335000D99D0 /* Character.swift in Sources */ = {isa = PBXBuildFile; fileRef = 279D61842B6A6ADF002CFFF9 /* Character.swift */; };
		2727BA272B72BF1D000D99D0 /* CharacterDetailsViewModelTests.swift in Sources */ = {isa = PBXBuildFile; fileRef = 2727BA262B72BF1D000D99D0 /* CharacterDetailsViewModelTests.swift */; };
		2727BA2A2B72BFB1000D99D0 /* MockCharacterDetailsRepository.swift in Sources */ = {isa = PBXBuildFile; fileRef = 2727BA292B72BFB1000D99D0 /* MockCharacterDetailsRepository.swift */; };
		2727BA2B2B72C248000D99D0 /* Episode.swift in Sources */ = {isa = PBXBuildFile; fileRef = 27050F9A2B6BD2B200020431 /* Episode.swift */; };
		2727BA2C2B72C26B000D99D0 /* MockCharacterDetailsRepository.swift in Sources */ = {isa = PBXBuildFile; fileRef = 2727BA292B72BFB1000D99D0 /* MockCharacterDetailsRepository.swift */; };
		2727BA2E2B72C289000D99D0 /* CharacterItemObject.swift in Sources */ = {isa = PBXBuildFile; fileRef = 279D619A2B6B963C002CFFF9 /* CharacterItemObject.swift */; };
		2727BA2F2B72C28E000D99D0 /* CharacterDetailsRepository.swift in Sources */ = {isa = PBXBuildFile; fileRef = 27050F9C2B6BD35600020431 /* CharacterDetailsRepository.swift */; };
		2727BA302B72C2A6000D99D0 /* CharacterItemObject+Extensions.swift in Sources */ = {isa = PBXBuildFile; fileRef = 279D619C2B6B9786002CFFF9 /* CharacterItemObject+Extensions.swift */; };
		277EBE072BB8454D0026237E /* APIClient.swift in Sources */ = {isa = PBXBuildFile; fileRef = 277EBE062BB8454D0026237E /* APIClient.swift */; };
		277EBE092BB845630026237E /* APIConfiguration.swift in Sources */ = {isa = PBXBuildFile; fileRef = 277EBE082BB845630026237E /* APIConfiguration.swift */; };
		277EBE0B2BB845820026237E /* APIError.swift in Sources */ = {isa = PBXBuildFile; fileRef = 277EBE0A2BB845820026237E /* APIError.swift */; };
		277EBE0D2BB845970026237E /* APIResource.swift in Sources */ = {isa = PBXBuildFile; fileRef = 277EBE0C2BB845970026237E /* APIResource.swift */; };
		277EBE0F2BB845A70026237E /* HTTPMethod.swift in Sources */ = {isa = PBXBuildFile; fileRef = 277EBE0E2BB845A70026237E /* HTTPMethod.swift */; };
		277EBE122BB8469A0026237E /* ImageCache.swift in Sources */ = {isa = PBXBuildFile; fileRef = 277EBE112BB8469A0026237E /* ImageCache.swift */; };
		277EBE142BB846C00026237E /* ImageFetcher.swift in Sources */ = {isa = PBXBuildFile; fileRef = 277EBE132BB846C00026237E /* ImageFetcher.swift */; };
		277EBE182BB847310026237E /* ImageLoader.swift in Sources */ = {isa = PBXBuildFile; fileRef = 277EBE172BB847310026237E /* ImageLoader.swift */; };
		277EBE1A2BB8474C0026237E /* ImageLoaderError.swift in Sources */ = {isa = PBXBuildFile; fileRef = 277EBE192BB8474C0026237E /* ImageLoaderError.swift */; };
		277EBE1C2BB8475C0026237E /* ImageLoadState.swift in Sources */ = {isa = PBXBuildFile; fileRef = 277EBE1B2BB8475C0026237E /* ImageLoadState.swift */; };
		277EBE1E2BB847DC0026237E /* SearchCharactersViewModel.swift in Sources */ = {isa = PBXBuildFile; fileRef = 277EBE1D2BB847DC0026237E /* SearchCharactersViewModel.swift */; };
		277EBE202BB848050026237E /* SearchCharactersView.swift in Sources */ = {isa = PBXBuildFile; fileRef = 277EBE1F2BB848050026237E /* SearchCharactersView.swift */; };
		277EBE222BB8483B0026237E /* CharacterDetailsView.swift in Sources */ = {isa = PBXBuildFile; fileRef = 277EBE212BB8483B0026237E /* CharacterDetailsView.swift */; };
		277EBE242BB8486F0026237E /* CharacterDetailsViewModel.swift in Sources */ = {isa = PBXBuildFile; fileRef = 277EBE232BB8486F0026237E /* CharacterDetailsViewModel.swift */; };
		279D61812B6A696F002CFFF9 /* CharacterInfo.swift in Sources */ = {isa = PBXBuildFile; fileRef = 279D61802B6A696F002CFFF9 /* CharacterInfo.swift */; };
		279D61832B6A69E8002CFFF9 /* PaginationInfo.swift in Sources */ = {isa = PBXBuildFile; fileRef = 279D61822B6A69E8002CFFF9 /* PaginationInfo.swift */; };
		279D61852B6A6ADF002CFFF9 /* Character.swift in Sources */ = {isa = PBXBuildFile; fileRef = 279D61842B6A6ADF002CFFF9 /* Character.swift */; };
		279D618D2B6A6BF0002CFFF9 /* CharacterItemView.swift in Sources */ = {isa = PBXBuildFile; fileRef = 279D618C2B6A6BF0002CFFF9 /* CharacterItemView.swift */; };
		279D618F2B6A6C1C002CFFF9 /* SearchBar.swift in Sources */ = {isa = PBXBuildFile; fileRef = 279D618E2B6A6C1C002CFFF9 /* SearchBar.swift */; };
		279D61922B6A6CA0002CFFF9 /* SearchCharactersRepository.swift in Sources */ = {isa = PBXBuildFile; fileRef = 279D61912B6A6CA0002CFFF9 /* SearchCharactersRepository.swift */; };
		279D619B2B6B963C002CFFF9 /* CharacterItemObject.swift in Sources */ = {isa = PBXBuildFile; fileRef = 279D619A2B6B963C002CFFF9 /* CharacterItemObject.swift */; };
		279D619D2B6B9786002CFFF9 /* CharacterItemObject+Extensions.swift in Sources */ = {isa = PBXBuildFile; fileRef = 279D619C2B6B9786002CFFF9 /* CharacterItemObject+Extensions.swift */; };
		27C11F1D2B69942D00DDCB29 /* RickAndMortyApp.swift in Sources */ = {isa = PBXBuildFile; fileRef = 27C11F1C2B69942D00DDCB29 /* RickAndMortyApp.swift */; };
		27C11F212B69942F00DDCB29 /* Assets.xcassets in Resources */ = {isa = PBXBuildFile; fileRef = 27C11F202B69942F00DDCB29 /* Assets.xcassets */; };
		27C11F242B69942F00DDCB29 /* Preview Assets.xcassets in Resources */ = {isa = PBXBuildFile; fileRef = 27C11F232B69942F00DDCB29 /* Preview Assets.xcassets */; };
		27C717E72B724AF2003AECB5 /* SearchCharactersViewModelTests.swift in Sources */ = {isa = PBXBuildFile; fileRef = 27C717E62B724AF2003AECB5 /* SearchCharactersViewModelTests.swift */; };
		27C717EA2B724B85003AECB5 /* MockSearchCharactersRepository.swift in Sources */ = {isa = PBXBuildFile; fileRef = 27C717E92B724B85003AECB5 /* MockSearchCharactersRepository.swift */; };
		27C717EB2B724CC3003AECB5 /* MockSearchCharactersRepository.swift in Sources */ = {isa = PBXBuildFile; fileRef = 27C717E92B724B85003AECB5 /* MockSearchCharactersRepository.swift */; };
/* End PBXBuildFile section */

/* Begin PBXContainerItemProxy section */
		27C11F2A2B69942F00DDCB29 /* PBXContainerItemProxy */ = {
			isa = PBXContainerItemProxy;
			containerPortal = 27C11F112B69942D00DDCB29 /* Project object */;
			proxyType = 1;
			remoteGlobalIDString = 27C11F182B69942D00DDCB29;
			remoteInfo = RickAndMorty;
		};
/* End PBXContainerItemProxy section */

/* Begin PBXCopyFilesBuildPhase section */
		279D616A2B699EB3002CFFF9 /* Embed Frameworks */ = {
			isa = PBXCopyFilesBuildPhase;
			buildActionMask = 2147483647;
			dstPath = "";
			dstSubfolderSpec = 10;
			files = (
			);
			name = "Embed Frameworks";
			runOnlyForDeploymentPostprocessing = 0;
		};
/* End PBXCopyFilesBuildPhase section */

/* Begin PBXFileReference section */
		27050F9A2B6BD2B200020431 /* Episode.swift */ = {isa = PBXFileReference; lastKnownFileType = sourcecode.swift; path = Episode.swift; sourceTree = "<group>"; };
		27050F9C2B6BD35600020431 /* CharacterDetailsRepository.swift */ = {isa = PBXFileReference; lastKnownFileType = sourcecode.swift; path = CharacterDetailsRepository.swift; sourceTree = "<group>"; };
		27050FA12B6D1B0400020431 /* ExpandableEpisodeItemView.swift */ = {isa = PBXFileReference; lastKnownFileType = sourcecode.swift; path = ExpandableEpisodeItemView.swift; sourceTree = "<group>"; };
		27050FA42B6D1F1700020431 /* RMImage.swift */ = {isa = PBXFileReference; lastKnownFileType = sourcecode.swift; path = RMImage.swift; sourceTree = "<group>"; };
		27050FA62B6D1F2500020431 /* RMImageObject.swift */ = {isa = PBXFileReference; lastKnownFileType = sourcecode.swift; path = RMImageObject.swift; sourceTree = "<group>"; };
		27050FAA2B6D2CBE00020431 /* ExpandableEpisodeItemObject.swift */ = {isa = PBXFileReference; lastKnownFileType = sourcecode.swift; path = ExpandableEpisodeItemObject.swift; sourceTree = "<group>"; };
		27050FAC2B6D2D5300020431 /* ExpandableEpisodeItemObject+Extensions.swift */ = {isa = PBXFileReference; lastKnownFileType = sourcecode.swift; path = "ExpandableEpisodeItemObject+Extensions.swift"; sourceTree = "<group>"; };
		2727BA262B72BF1D000D99D0 /* CharacterDetailsViewModelTests.swift */ = {isa = PBXFileReference; lastKnownFileType = sourcecode.swift; path = CharacterDetailsViewModelTests.swift; sourceTree = "<group>"; };
		2727BA292B72BFB1000D99D0 /* MockCharacterDetailsRepository.swift */ = {isa = PBXFileReference; lastKnownFileType = sourcecode.swift; path = MockCharacterDetailsRepository.swift; sourceTree = "<group>"; };
		277EBE062BB8454D0026237E /* APIClient.swift */ = {isa = PBXFileReference; lastKnownFileType = sourcecode.swift; path = APIClient.swift; sourceTree = "<group>"; };
		277EBE082BB845630026237E /* APIConfiguration.swift */ = {isa = PBXFileReference; lastKnownFileType = sourcecode.swift; path = APIConfiguration.swift; sourceTree = "<group>"; };
		277EBE0A2BB845820026237E /* APIError.swift */ = {isa = PBXFileReference; lastKnownFileType = sourcecode.swift; path = APIError.swift; sourceTree = "<group>"; };
		277EBE0C2BB845970026237E /* APIResource.swift */ = {isa = PBXFileReference; lastKnownFileType = sourcecode.swift; path = APIResource.swift; sourceTree = "<group>"; };
		277EBE0E2BB845A70026237E /* HTTPMethod.swift */ = {isa = PBXFileReference; lastKnownFileType = sourcecode.swift; path = HTTPMethod.swift; sourceTree = "<group>"; };
		277EBE112BB8469A0026237E /* ImageCache.swift */ = {isa = PBXFileReference; fileEncoding = 4; lastKnownFileType = sourcecode.swift; path = ImageCache.swift; sourceTree = "<group>"; };
		277EBE132BB846C00026237E /* ImageFetcher.swift */ = {isa = PBXFileReference; fileEncoding = 4; lastKnownFileType = sourcecode.swift; path = ImageFetcher.swift; sourceTree = "<group>"; };
		277EBE172BB847310026237E /* ImageLoader.swift */ = {isa = PBXFileReference; fileEncoding = 4; lastKnownFileType = sourcecode.swift; path = ImageLoader.swift; sourceTree = "<group>"; };
		277EBE192BB8474C0026237E /* ImageLoaderError.swift */ = {isa = PBXFileReference; fileEncoding = 4; lastKnownFileType = sourcecode.swift; path = ImageLoaderError.swift; sourceTree = "<group>"; };
		277EBE1B2BB8475C0026237E /* ImageLoadState.swift */ = {isa = PBXFileReference; fileEncoding = 4; lastKnownFileType = sourcecode.swift; path = ImageLoadState.swift; sourceTree = "<group>"; };
		277EBE1D2BB847DC0026237E /* SearchCharactersViewModel.swift */ = {isa = PBXFileReference; lastKnownFileType = sourcecode.swift; path = SearchCharactersViewModel.swift; sourceTree = "<group>"; };
		277EBE1F2BB848050026237E /* SearchCharactersView.swift */ = {isa = PBXFileReference; lastKnownFileType = sourcecode.swift; path = SearchCharactersView.swift; sourceTree = "<group>"; };
		277EBE212BB8483B0026237E /* CharacterDetailsView.swift */ = {isa = PBXFileReference; lastKnownFileType = sourcecode.swift; path = CharacterDetailsView.swift; sourceTree = "<group>"; };
		277EBE232BB8486F0026237E /* CharacterDetailsViewModel.swift */ = {isa = PBXFileReference; lastKnownFileType = sourcecode.swift; path = CharacterDetailsViewModel.swift; sourceTree = "<group>"; };
		279D61802B6A696F002CFFF9 /* CharacterInfo.swift */ = {isa = PBXFileReference; lastKnownFileType = sourcecode.swift; path = CharacterInfo.swift; sourceTree = "<group>"; };
		279D61822B6A69E8002CFFF9 /* PaginationInfo.swift */ = {isa = PBXFileReference; lastKnownFileType = sourcecode.swift; path = PaginationInfo.swift; sourceTree = "<group>"; };
		279D61842B6A6ADF002CFFF9 /* Character.swift */ = {isa = PBXFileReference; lastKnownFileType = sourcecode.swift; path = Character.swift; sourceTree = "<group>"; };
		279D618C2B6A6BF0002CFFF9 /* CharacterItemView.swift */ = {isa = PBXFileReference; lastKnownFileType = sourcecode.swift; path = CharacterItemView.swift; sourceTree = "<group>"; };
		279D618E2B6A6C1C002CFFF9 /* SearchBar.swift */ = {isa = PBXFileReference; lastKnownFileType = sourcecode.swift; path = SearchBar.swift; sourceTree = "<group>"; };
		279D61912B6A6CA0002CFFF9 /* SearchCharactersRepository.swift */ = {isa = PBXFileReference; lastKnownFileType = sourcecode.swift; path = SearchCharactersRepository.swift; sourceTree = "<group>"; };
		279D619A2B6B963C002CFFF9 /* CharacterItemObject.swift */ = {isa = PBXFileReference; lastKnownFileType = sourcecode.swift; path = CharacterItemObject.swift; sourceTree = "<group>"; };
		279D619C2B6B9786002CFFF9 /* CharacterItemObject+Extensions.swift */ = {isa = PBXFileReference; lastKnownFileType = sourcecode.swift; path = "CharacterItemObject+Extensions.swift"; sourceTree = "<group>"; };
		27C11F192B69942D00DDCB29 /* RickAndMorty.app */ = {isa = PBXFileReference; explicitFileType = wrapper.application; includeInIndex = 0; path = RickAndMorty.app; sourceTree = BUILT_PRODUCTS_DIR; };
		27C11F1C2B69942D00DDCB29 /* RickAndMortyApp.swift */ = {isa = PBXFileReference; lastKnownFileType = sourcecode.swift; path = RickAndMortyApp.swift; sourceTree = "<group>"; };
		27C11F202B69942F00DDCB29 /* Assets.xcassets */ = {isa = PBXFileReference; lastKnownFileType = folder.assetcatalog; path = Assets.xcassets; sourceTree = "<group>"; };
		27C11F232B69942F00DDCB29 /* Preview Assets.xcassets */ = {isa = PBXFileReference; lastKnownFileType = folder.assetcatalog; path = "Preview Assets.xcassets"; sourceTree = "<group>"; };
		27C11F292B69942F00DDCB29 /* RickAndMortyTests.xctest */ = {isa = PBXFileReference; explicitFileType = wrapper.cfbundle; includeInIndex = 0; path = RickAndMortyTests.xctest; sourceTree = BUILT_PRODUCTS_DIR; };
		27C717E62B724AF2003AECB5 /* SearchCharactersViewModelTests.swift */ = {isa = PBXFileReference; lastKnownFileType = sourcecode.swift; path = SearchCharactersViewModelTests.swift; sourceTree = "<group>"; };
		27C717E92B724B85003AECB5 /* MockSearchCharactersRepository.swift */ = {isa = PBXFileReference; lastKnownFileType = sourcecode.swift; path = MockSearchCharactersRepository.swift; sourceTree = "<group>"; };
/* End PBXFileReference section */

/* Begin PBXFrameworksBuildPhase section */
		27C11F162B69942D00DDCB29 /* Frameworks */ = {
			isa = PBXFrameworksBuildPhase;
			buildActionMask = 2147483647;
			files = (
			);
			runOnlyForDeploymentPostprocessing = 0;
		};
		27C11F262B69942F00DDCB29 /* Frameworks */ = {
			isa = PBXFrameworksBuildPhase;
			buildActionMask = 2147483647;
			files = (
			);
			runOnlyForDeploymentPostprocessing = 0;
		};
/* End PBXFrameworksBuildPhase section */

/* Begin PBXGroup section */
		27050F992B6BCDEA00020431 /* Character Details Repository */ = {
			isa = PBXGroup;
			children = (
				27050F9C2B6BD35600020431 /* CharacterDetailsRepository.swift */,
			);
			path = "Character Details Repository";
			sourceTree = "<group>";
		};
		27050FA02B6D1ADE00020431 /* Expandable Episode Item View */ = {
			isa = PBXGroup;
			children = (
				27050FA12B6D1B0400020431 /* ExpandableEpisodeItemView.swift */,
				27050FAA2B6D2CBE00020431 /* ExpandableEpisodeItemObject.swift */,
				27050FAC2B6D2D5300020431 /* ExpandableEpisodeItemObject+Extensions.swift */,
			);
			path = "Expandable Episode Item View";
			sourceTree = "<group>";
		};
		27050FA32B6D1F0800020431 /* RMImage */ = {
			isa = PBXGroup;
			children = (
				27050FA42B6D1F1700020431 /* RMImage.swift */,
				27050FA62B6D1F2500020431 /* RMImageObject.swift */,
			);
			path = RMImage;
			sourceTree = "<group>";
		};
		2727BA252B72BEF6000D99D0 /* Character Details View Model Tests */ = {
			isa = PBXGroup;
			children = (
				2727BA282B72BF92000D99D0 /* Mock Character Details Repository */,
				2727BA262B72BF1D000D99D0 /* CharacterDetailsViewModelTests.swift */,
			);
			path = "Character Details View Model Tests";
			sourceTree = "<group>";
		};
		2727BA282B72BF92000D99D0 /* Mock Character Details Repository */ = {
			isa = PBXGroup;
			children = (
				2727BA292B72BFB1000D99D0 /* MockCharacterDetailsRepository.swift */,
			);
			path = "Mock Character Details Repository";
			sourceTree = "<group>";
		};
		277EBE052BB845400026237E /* Networking */ = {
			isa = PBXGroup;
			children = (
				277EBE062BB8454D0026237E /* APIClient.swift */,
				277EBE082BB845630026237E /* APIConfiguration.swift */,
				277EBE0A2BB845820026237E /* APIError.swift */,
				277EBE0C2BB845970026237E /* APIResource.swift */,
				277EBE0E2BB845A70026237E /* HTTPMethod.swift */,
			);
			path = Networking;
			sourceTree = "<group>";
		};
		277EBE102BB846590026237E /* Image Loader */ = {
			isa = PBXGroup;
			children = (
				277EBE112BB8469A0026237E /* ImageCache.swift */,
				277EBE132BB846C00026237E /* ImageFetcher.swift */,
				277EBE172BB847310026237E /* ImageLoader.swift */,
				277EBE192BB8474C0026237E /* ImageLoaderError.swift */,
				277EBE1B2BB8475C0026237E /* ImageLoadState.swift */,
			);
			path = "Image Loader";
			sourceTree = "<group>";
		};
		279D617D2B6A6948002CFFF9 /* Shared */ = {
			isa = PBXGroup;
			children = (
				279D617F2B6A695F002CFFF9 /* Models */,
			);
			path = Shared;
			sourceTree = "<group>";
		};
		279D617E2B6A6954002CFFF9 /* Modules */ = {
			isa = PBXGroup;
			children = (
				279D61862B6A6B8F002CFFF9 /* Search Characters  */,
				279D61A12B6BA922002CFFF9 /* Character Details  */,
			);
			path = Modules;
			sourceTree = "<group>";
		};
		279D617F2B6A695F002CFFF9 /* Models */ = {
			isa = PBXGroup;
			children = (
				279D61802B6A696F002CFFF9 /* CharacterInfo.swift */,
				279D61822B6A69E8002CFFF9 /* PaginationInfo.swift */,
				279D61842B6A6ADF002CFFF9 /* Character.swift */,
				27050F9A2B6BD2B200020431 /* Episode.swift */,
			);
			path = Models;
			sourceTree = "<group>";
		};
		279D61862B6A6B8F002CFFF9 /* Search Characters  */ = {
			isa = PBXGroup;
			children = (
				279D61902B6A6C8C002CFFF9 /* Search Characters Repository */,
				277EBE1D2BB847DC0026237E /* SearchCharactersViewModel.swift */,
				277EBE1F2BB848050026237E /* SearchCharactersView.swift */,
			);
			path = "Search Characters ";
			sourceTree = "<group>";
		};
		279D618B2B6A6BE0002CFFF9 /* Reusable Components */ = {
			isa = PBXGroup;
			children = (
				27050FA32B6D1F0800020431 /* RMImage */,
				27050FA02B6D1ADE00020431 /* Expandable Episode Item View */,
				279D61A02B6BA8BA002CFFF9 /* Search Bar */,
				279D61992B6B9629002CFFF9 /* Character Item View */,
			);
			path = "Reusable Components";
			sourceTree = "<group>";
		};
		279D61902B6A6C8C002CFFF9 /* Search Characters Repository */ = {
			isa = PBXGroup;
			children = (
				279D61912B6A6CA0002CFFF9 /* SearchCharactersRepository.swift */,
			);
			path = "Search Characters Repository";
			sourceTree = "<group>";
		};
		279D61932B6A6D05002CFFF9 /* Frameworks */ = {
			isa = PBXGroup;
			children = (
			);
			name = Frameworks;
			sourceTree = "<group>";
		};
		279D61992B6B9629002CFFF9 /* Character Item View */ = {
			isa = PBXGroup;
			children = (
				279D618C2B6A6BF0002CFFF9 /* CharacterItemView.swift */,
				279D619A2B6B963C002CFFF9 /* CharacterItemObject.swift */,
				279D619C2B6B9786002CFFF9 /* CharacterItemObject+Extensions.swift */,
			);
			path = "Character Item View";
			sourceTree = "<group>";
		};
		279D619E2B6BA847002CFFF9 /* App */ = {
			isa = PBXGroup;
			children = (
				27C11F1C2B69942D00DDCB29 /* RickAndMortyApp.swift */,
			);
			path = App;
			sourceTree = "<group>";
		};
		279D619F2B6BA89A002CFFF9 /* Assets */ = {
			isa = PBXGroup;
			children = (
				27C11F202B69942F00DDCB29 /* Assets.xcassets */,
			);
			path = Assets;
			sourceTree = "<group>";
		};
		279D61A02B6BA8BA002CFFF9 /* Search Bar */ = {
			isa = PBXGroup;
			children = (
				279D618E2B6A6C1C002CFFF9 /* SearchBar.swift */,
			);
			path = "Search Bar";
			sourceTree = "<group>";
		};
		279D61A12B6BA922002CFFF9 /* Character Details  */ = {
			isa = PBXGroup;
			children = (
				27050F992B6BCDEA00020431 /* Character Details Repository */,
				277EBE212BB8483B0026237E /* CharacterDetailsView.swift */,
				277EBE232BB8486F0026237E /* CharacterDetailsViewModel.swift */,
			);
			path = "Character Details ";
			sourceTree = "<group>";
		};
		279D61A22B6BB7E1002CFFF9 /* Sources */ = {
			isa = PBXGroup;
			children = (
				27C11F1B2B69942D00DDCB29 /* RickAndMorty */,
			);
			path = Sources;
			sourceTree = "<group>";
		};
		279D61A32B6BB7F6002CFFF9 /* Tests */ = {
			isa = PBXGroup;
			children = (
				27C11F2C2B69942F00DDCB29 /* RickAndMortyTests */,
			);
			path = Tests;
			sourceTree = "<group>";
		};
		27C11F102B69942D00DDCB29 = {
			isa = PBXGroup;
			children = (
				279D61A22B6BB7E1002CFFF9 /* Sources */,
				279D61A32B6BB7F6002CFFF9 /* Tests */,
				27C11F1A2B69942D00DDCB29 /* Products */,
				279D61932B6A6D05002CFFF9 /* Frameworks */,
			);
			sourceTree = "<group>";
		};
		27C11F1A2B69942D00DDCB29 /* Products */ = {
			isa = PBXGroup;
			children = (
				27C11F192B69942D00DDCB29 /* RickAndMorty.app */,
				27C11F292B69942F00DDCB29 /* RickAndMortyTests.xctest */,
			);
			name = Products;
			sourceTree = "<group>";
		};
		27C11F1B2B69942D00DDCB29 /* RickAndMorty */ = {
			isa = PBXGroup;
			children = (
				279D619E2B6BA847002CFFF9 /* App */,
				27C717F22B727FB0003AECB5 /* Core */,
				279D617E2B6A6954002CFFF9 /* Modules */,
				279D617D2B6A6948002CFFF9 /* Shared */,
				27C11F222B69942F00DDCB29 /* Preview Content */,
				279D619F2B6BA89A002CFFF9 /* Assets */,
			);
			path = RickAndMorty;
			sourceTree = "<group>";
		};
		27C11F222B69942F00DDCB29 /* Preview Content */ = {
			isa = PBXGroup;
			children = (
				27C11F232B69942F00DDCB29 /* Preview Assets.xcassets */,
			);
			path = "Preview Content";
			sourceTree = "<group>";
		};
		27C11F2C2B69942F00DDCB29 /* RickAndMortyTests */ = {
			isa = PBXGroup;
			children = (
				2727BA252B72BEF6000D99D0 /* Character Details View Model Tests */,
				27C717E52B724AD0003AECB5 /* Search View Model Tests */,
			);
			path = RickAndMortyTests;
			sourceTree = "<group>";
		};
		27C717E52B724AD0003AECB5 /* Search View Model Tests */ = {
			isa = PBXGroup;
			children = (
				27C717E82B724B68003AECB5 /* Mock Search Repository */,
				27C717E62B724AF2003AECB5 /* SearchCharactersViewModelTests.swift */,
			);
			path = "Search View Model Tests";
			sourceTree = "<group>";
		};
		27C717E82B724B68003AECB5 /* Mock Search Repository */ = {
			isa = PBXGroup;
			children = (
				27C717E92B724B85003AECB5 /* MockSearchCharactersRepository.swift */,
			);
			path = "Mock Search Repository";
			sourceTree = "<group>";
		};
		27C717F22B727FB0003AECB5 /* Core */ = {
			isa = PBXGroup;
			children = (
				277EBE102BB846590026237E /* Image Loader */,
				277EBE052BB845400026237E /* Networking */,
				279D618B2B6A6BE0002CFFF9 /* Reusable Components */,
			);
			path = Core;
			sourceTree = "<group>";
		};
/* End PBXGroup section */

/* Begin PBXNativeTarget section */
		27C11F182B69942D00DDCB29 /* RickAndMorty */ = {
			isa = PBXNativeTarget;
			buildConfigurationList = 27C11F3D2B69942F00DDCB29 /* Build configuration list for PBXNativeTarget "RickAndMorty" */;
			buildPhases = (
				27C11F152B69942D00DDCB29 /* Sources */,
				27C11F162B69942D00DDCB29 /* Frameworks */,
				27C11F172B69942D00DDCB29 /* Resources */,
				279D616A2B699EB3002CFFF9 /* Embed Frameworks */,
			);
			buildRules = (
			);
			dependencies = (
			);
			name = RickAndMorty;
			packageProductDependencies = (
			);
			productName = RickAndMorty;
			productReference = 27C11F192B69942D00DDCB29 /* RickAndMorty.app */;
			productType = "com.apple.product-type.application";
		};
		27C11F282B69942F00DDCB29 /* RickAndMortyTests */ = {
			isa = PBXNativeTarget;
			buildConfigurationList = 27C11F402B69942F00DDCB29 /* Build configuration list for PBXNativeTarget "RickAndMortyTests" */;
			buildPhases = (
				27C11F252B69942F00DDCB29 /* Sources */,
				27C11F262B69942F00DDCB29 /* Frameworks */,
				27C11F272B69942F00DDCB29 /* Resources */,
			);
			buildRules = (
			);
			dependencies = (
				27C11F2B2B69942F00DDCB29 /* PBXTargetDependency */,
			);
			name = RickAndMortyTests;
			productName = RickAndMortyTests;
			productReference = 27C11F292B69942F00DDCB29 /* RickAndMortyTests.xctest */;
			productType = "com.apple.product-type.bundle.unit-test";
		};
/* End PBXNativeTarget section */

/* Begin PBXProject section */
		27C11F112B69942D00DDCB29 /* Project object */ = {
			isa = PBXProject;
			attributes = {
				BuildIndependentTargetsInParallel = 1;
				LastSwiftUpdateCheck = 1520;
				LastUpgradeCheck = 1520;
				TargetAttributes = {
					27C11F182B69942D00DDCB29 = {
						CreatedOnToolsVersion = 15.2;
					};
					27C11F282B69942F00DDCB29 = {
						CreatedOnToolsVersion = 15.2;
						TestTargetID = 27C11F182B69942D00DDCB29;
					};
				};
			};
			buildConfigurationList = 27C11F142B69942D00DDCB29 /* Build configuration list for PBXProject "RickAndMorty" */;
			compatibilityVersion = "Xcode 14.0";
			developmentRegion = en;
			hasScannedForEncodings = 0;
			knownRegions = (
				en,
				Base,
			);
			mainGroup = 27C11F102B69942D00DDCB29;
			productRefGroup = 27C11F1A2B69942D00DDCB29 /* Products */;
			projectDirPath = "";
			projectRoot = "";
			targets = (
				27C11F182B69942D00DDCB29 /* RickAndMorty */,
				27C11F282B69942F00DDCB29 /* RickAndMortyTests */,
			);
		};
/* End PBXProject section */

/* Begin PBXResourcesBuildPhase section */
		27C11F172B69942D00DDCB29 /* Resources */ = {
			isa = PBXResourcesBuildPhase;
			buildActionMask = 2147483647;
			files = (
				27C11F242B69942F00DDCB29 /* Preview Assets.xcassets in Resources */,
				27C11F212B69942F00DDCB29 /* Assets.xcassets in Resources */,
			);
			runOnlyForDeploymentPostprocessing = 0;
		};
		27C11F272B69942F00DDCB29 /* Resources */ = {
			isa = PBXResourcesBuildPhase;
			buildActionMask = 2147483647;
			files = (
			);
			runOnlyForDeploymentPostprocessing = 0;
		};
/* End PBXResourcesBuildPhase section */

/* Begin PBXSourcesBuildPhase section */
		27C11F152B69942D00DDCB29 /* Sources */ = {
			isa = PBXSourcesBuildPhase;
			buildActionMask = 2147483647;
			files = (
				277EBE122BB8469A0026237E /* ImageCache.swift in Sources */,
				27050FA52B6D1F1700020431 /* RMImage.swift in Sources */,
				277EBE142BB846C00026237E /* ImageFetcher.swift in Sources */,
				277EBE222BB8483B0026237E /* CharacterDetailsView.swift in Sources */,
				2727BA2A2B72BFB1000D99D0 /* MockCharacterDetailsRepository.swift in Sources */,
				27050FA22B6D1B0500020431 /* ExpandableEpisodeItemView.swift in Sources */,
				277EBE182BB847310026237E /* ImageLoader.swift in Sources */,
				277EBE202BB848050026237E /* SearchCharactersView.swift in Sources */,
				27050F9B2B6BD2B200020431 /* Episode.swift in Sources */,
				279D619D2B6B9786002CFFF9 /* CharacterItemObject+Extensions.swift in Sources */,
				279D619B2B6B963C002CFFF9 /* CharacterItemObject.swift in Sources */,
				279D618D2B6A6BF0002CFFF9 /* CharacterItemView.swift in Sources */,
				279D61812B6A696F002CFFF9 /* CharacterInfo.swift in Sources */,
				277EBE0F2BB845A70026237E /* HTTPMethod.swift in Sources */,
				27050FAB2B6D2CBE00020431 /* ExpandableEpisodeItemObject.swift in Sources */,
				279D61852B6A6ADF002CFFF9 /* Character.swift in Sources */,
				277EBE092BB845630026237E /* APIConfiguration.swift in Sources */,
				277EBE072BB8454D0026237E /* APIClient.swift in Sources */,
				27050FA72B6D1F2500020431 /* RMImageObject.swift in Sources */,
				27C717EA2B724B85003AECB5 /* MockSearchCharactersRepository.swift in Sources */,
				277EBE0D2BB845970026237E /* APIResource.swift in Sources */,
				27050F9D2B6BD35600020431 /* CharacterDetailsRepository.swift in Sources */,
				279D618F2B6A6C1C002CFFF9 /* SearchBar.swift in Sources */,
				277EBE0B2BB845820026237E /* APIError.swift in Sources */,
				277EBE1C2BB8475C0026237E /* ImageLoadState.swift in Sources */,
				277EBE242BB8486F0026237E /* CharacterDetailsViewModel.swift in Sources */,
				277EBE1A2BB8474C0026237E /* ImageLoaderError.swift in Sources */,
				27050FAD2B6D2D5300020431 /* ExpandableEpisodeItemObject+Extensions.swift in Sources */,
				279D61922B6A6CA0002CFFF9 /* SearchCharactersRepository.swift in Sources */,
				277EBE1E2BB847DC0026237E /* SearchCharactersViewModel.swift in Sources */,
				27C11F1D2B69942D00DDCB29 /* RickAndMortyApp.swift in Sources */,
				279D61832B6A69E8002CFFF9 /* PaginationInfo.swift in Sources */,
			);
			runOnlyForDeploymentPostprocessing = 0;
		};
		27C11F252B69942F00DDCB29 /* Sources */ = {
			isa = PBXSourcesBuildPhase;
			buildActionMask = 2147483647;
			files = (
				2727BA272B72BF1D000D99D0 /* CharacterDetailsViewModelTests.swift in Sources */,
				2727BA242B72B335000D99D0 /* Character.swift in Sources */,
				2727BA2F2B72C28E000D99D0 /* CharacterDetailsRepository.swift in Sources */,
				27C717E72B724AF2003AECB5 /* SearchCharactersViewModelTests.swift in Sources */,
				2727BA2C2B72C26B000D99D0 /* MockCharacterDetailsRepository.swift in Sources */,
				2727BA2E2B72C289000D99D0 /* CharacterItemObject.swift in Sources */,
				2727BA232B72B330000D99D0 /* PaginationInfo.swift in Sources */,
				2727BA212B72B308000D99D0 /* SearchCharactersRepository.swift in Sources */,
				2727BA2B2B72C248000D99D0 /* Episode.swift in Sources */,
				2727BA302B72C2A6000D99D0 /* CharacterItemObject+Extensions.swift in Sources */,
				27C717EB2B724CC3003AECB5 /* MockSearchCharactersRepository.swift in Sources */,
				2727BA222B72B310000D99D0 /* CharacterInfo.swift in Sources */,
			);
			runOnlyForDeploymentPostprocessing = 0;
		};
/* End PBXSourcesBuildPhase section */

/* Begin PBXTargetDependency section */
		27C11F2B2B69942F00DDCB29 /* PBXTargetDependency */ = {
			isa = PBXTargetDependency;
			target = 27C11F182B69942D00DDCB29 /* RickAndMorty */;
			targetProxy = 27C11F2A2B69942F00DDCB29 /* PBXContainerItemProxy */;
		};
/* End PBXTargetDependency section */

/* Begin XCBuildConfiguration section */
		27C11F3B2B69942F00DDCB29 /* Debug */ = {
			isa = XCBuildConfiguration;
			buildSettings = {
				ALWAYS_SEARCH_USER_PATHS = NO;
				ASSETCATALOG_COMPILER_GENERATE_SWIFT_ASSET_SYMBOL_EXTENSIONS = YES;
				CLANG_ANALYZER_NONNULL = YES;
				CLANG_ANALYZER_NUMBER_OBJECT_CONVERSION = YES_AGGRESSIVE;
				CLANG_CXX_LANGUAGE_STANDARD = "gnu++20";
				CLANG_ENABLE_MODULES = YES;
				CLANG_ENABLE_OBJC_ARC = YES;
				CLANG_ENABLE_OBJC_WEAK = YES;
				CLANG_WARN_BLOCK_CAPTURE_AUTORELEASING = YES;
				CLANG_WARN_BOOL_CONVERSION = YES;
				CLANG_WARN_COMMA = YES;
				CLANG_WARN_CONSTANT_CONVERSION = YES;
				CLANG_WARN_DEPRECATED_OBJC_IMPLEMENTATIONS = YES;
				CLANG_WARN_DIRECT_OBJC_ISA_USAGE = YES_ERROR;
				CLANG_WARN_DOCUMENTATION_COMMENTS = YES;
				CLANG_WARN_EMPTY_BODY = YES;
				CLANG_WARN_ENUM_CONVERSION = YES;
				CLANG_WARN_INFINITE_RECURSION = YES;
				CLANG_WARN_INT_CONVERSION = YES;
				CLANG_WARN_NON_LITERAL_NULL_CONVERSION = YES;
				CLANG_WARN_OBJC_IMPLICIT_RETAIN_SELF = YES;
				CLANG_WARN_OBJC_LITERAL_CONVERSION = YES;
				CLANG_WARN_OBJC_ROOT_CLASS = YES_ERROR;
				CLANG_WARN_QUOTED_INCLUDE_IN_FRAMEWORK_HEADER = YES;
				CLANG_WARN_RANGE_LOOP_ANALYSIS = YES;
				CLANG_WARN_STRICT_PROTOTYPES = YES;
				CLANG_WARN_SUSPICIOUS_MOVE = YES;
				CLANG_WARN_UNGUARDED_AVAILABILITY = YES_AGGRESSIVE;
				CLANG_WARN_UNREACHABLE_CODE = YES;
				CLANG_WARN__DUPLICATE_METHOD_MATCH = YES;
				COPY_PHASE_STRIP = NO;
				DEBUG_INFORMATION_FORMAT = dwarf;
				ENABLE_STRICT_OBJC_MSGSEND = YES;
				ENABLE_TESTABILITY = YES;
				ENABLE_USER_SCRIPT_SANDBOXING = YES;
				GCC_C_LANGUAGE_STANDARD = gnu17;
				GCC_DYNAMIC_NO_PIC = NO;
				GCC_NO_COMMON_BLOCKS = YES;
				GCC_OPTIMIZATION_LEVEL = 0;
				GCC_PREPROCESSOR_DEFINITIONS = (
					"DEBUG=1",
					"$(inherited)",
				);
				GCC_WARN_64_TO_32_BIT_CONVERSION = YES;
				GCC_WARN_ABOUT_RETURN_TYPE = YES_ERROR;
				GCC_WARN_UNDECLARED_SELECTOR = YES;
				GCC_WARN_UNINITIALIZED_AUTOS = YES_AGGRESSIVE;
				GCC_WARN_UNUSED_FUNCTION = YES;
				GCC_WARN_UNUSED_VARIABLE = YES;
				IPHONEOS_DEPLOYMENT_TARGET = 17.2;
				LOCALIZATION_PREFERS_STRING_CATALOGS = YES;
				MTL_ENABLE_DEBUG_INFO = INCLUDE_SOURCE;
				MTL_FAST_MATH = YES;
				ONLY_ACTIVE_ARCH = YES;
				SDKROOT = iphoneos;
				SWIFT_ACTIVE_COMPILATION_CONDITIONS = "DEBUG $(inherited)";
				SWIFT_OPTIMIZATION_LEVEL = "-Onone";
			};
			name = Debug;
		};
		27C11F3C2B69942F00DDCB29 /* Release */ = {
			isa = XCBuildConfiguration;
			buildSettings = {
				ALWAYS_SEARCH_USER_PATHS = NO;
				ASSETCATALOG_COMPILER_GENERATE_SWIFT_ASSET_SYMBOL_EXTENSIONS = YES;
				CLANG_ANALYZER_NONNULL = YES;
				CLANG_ANALYZER_NUMBER_OBJECT_CONVERSION = YES_AGGRESSIVE;
				CLANG_CXX_LANGUAGE_STANDARD = "gnu++20";
				CLANG_ENABLE_MODULES = YES;
				CLANG_ENABLE_OBJC_ARC = YES;
				CLANG_ENABLE_OBJC_WEAK = YES;
				CLANG_WARN_BLOCK_CAPTURE_AUTORELEASING = YES;
				CLANG_WARN_BOOL_CONVERSION = YES;
				CLANG_WARN_COMMA = YES;
				CLANG_WARN_CONSTANT_CONVERSION = YES;
				CLANG_WARN_DEPRECATED_OBJC_IMPLEMENTATIONS = YES;
				CLANG_WARN_DIRECT_OBJC_ISA_USAGE = YES_ERROR;
				CLANG_WARN_DOCUMENTATION_COMMENTS = YES;
				CLANG_WARN_EMPTY_BODY = YES;
				CLANG_WARN_ENUM_CONVERSION = YES;
				CLANG_WARN_INFINITE_RECURSION = YES;
				CLANG_WARN_INT_CONVERSION = YES;
				CLANG_WARN_NON_LITERAL_NULL_CONVERSION = YES;
				CLANG_WARN_OBJC_IMPLICIT_RETAIN_SELF = YES;
				CLANG_WARN_OBJC_LITERAL_CONVERSION = YES;
				CLANG_WARN_OBJC_ROOT_CLASS = YES_ERROR;
				CLANG_WARN_QUOTED_INCLUDE_IN_FRAMEWORK_HEADER = YES;
				CLANG_WARN_RANGE_LOOP_ANALYSIS = YES;
				CLANG_WARN_STRICT_PROTOTYPES = YES;
				CLANG_WARN_SUSPICIOUS_MOVE = YES;
				CLANG_WARN_UNGUARDED_AVAILABILITY = YES_AGGRESSIVE;
				CLANG_WARN_UNREACHABLE_CODE = YES;
				CLANG_WARN__DUPLICATE_METHOD_MATCH = YES;
				COPY_PHASE_STRIP = NO;
				DEBUG_INFORMATION_FORMAT = "dwarf-with-dsym";
				ENABLE_NS_ASSERTIONS = NO;
				ENABLE_STRICT_OBJC_MSGSEND = YES;
				ENABLE_USER_SCRIPT_SANDBOXING = YES;
				GCC_C_LANGUAGE_STANDARD = gnu17;
				GCC_NO_COMMON_BLOCKS = YES;
				GCC_WARN_64_TO_32_BIT_CONVERSION = YES;
				GCC_WARN_ABOUT_RETURN_TYPE = YES_ERROR;
				GCC_WARN_UNDECLARED_SELECTOR = YES;
				GCC_WARN_UNINITIALIZED_AUTOS = YES_AGGRESSIVE;
				GCC_WARN_UNUSED_FUNCTION = YES;
				GCC_WARN_UNUSED_VARIABLE = YES;
				IPHONEOS_DEPLOYMENT_TARGET = 17.2;
				LOCALIZATION_PREFERS_STRING_CATALOGS = YES;
				MTL_ENABLE_DEBUG_INFO = NO;
				MTL_FAST_MATH = YES;
				SDKROOT = iphoneos;
				SWIFT_COMPILATION_MODE = wholemodule;
				VALIDATE_PRODUCT = YES;
			};
			name = Release;
		};
		27C11F3E2B69942F00DDCB29 /* Debug */ = {
			isa = XCBuildConfiguration;
			buildSettings = {
				ASSETCATALOG_COMPILER_APPICON_NAME = AppIcon;
				ASSETCATALOG_COMPILER_GLOBAL_ACCENT_COLOR_NAME = AccentColor;
				CODE_SIGN_STYLE = Automatic;
				CURRENT_PROJECT_VERSION = 1;
				DEVELOPMENT_ASSET_PATHS = "\"Sources/RickAndMorty/Preview Content\"";
				DEVELOPMENT_TEAM = 4GQ9323TQC;
				ENABLE_PREVIEWS = YES;
				GENERATE_INFOPLIST_FILE = YES;
				INFOPLIST_KEY_UIApplicationSceneManifest_Generation = YES;
				INFOPLIST_KEY_UIApplicationSupportsIndirectInputEvents = YES;
				INFOPLIST_KEY_UILaunchScreen_Generation = YES;
				INFOPLIST_KEY_UISupportedInterfaceOrientations_iPad = "UIInterfaceOrientationPortrait UIInterfaceOrientationPortraitUpsideDown UIInterfaceOrientationLandscapeLeft UIInterfaceOrientationLandscapeRight";
				INFOPLIST_KEY_UISupportedInterfaceOrientations_iPhone = "UIInterfaceOrientationPortrait UIInterfaceOrientationLandscapeLeft UIInterfaceOrientationLandscapeRight";
				IPHONEOS_DEPLOYMENT_TARGET = 16.0.0;
				LD_RUNPATH_SEARCH_PATHS = (
					"$(inherited)",
					"@executable_path/Frameworks",
				);
				MARKETING_VERSION = 1.0;
				PRODUCT_BUNDLE_IDENTIFIER = com.RickAndMorty;
				PRODUCT_NAME = "$(TARGET_NAME)";
				SWIFT_EMIT_LOC_STRINGS = YES;
				SWIFT_VERSION = 5.0;
				TARGETED_DEVICE_FAMILY = "1,2";
			};
			name = Debug;
		};
		27C11F3F2B69942F00DDCB29 /* Release */ = {
			isa = XCBuildConfiguration;
			buildSettings = {
				ASSETCATALOG_COMPILER_APPICON_NAME = AppIcon;
				ASSETCATALOG_COMPILER_GLOBAL_ACCENT_COLOR_NAME = AccentColor;
				CODE_SIGN_STYLE = Automatic;
				CURRENT_PROJECT_VERSION = 1;
				DEVELOPMENT_ASSET_PATHS = "\"Sources/RickAndMorty/Preview Content\"";
				DEVELOPMENT_TEAM = 4GQ9323TQC;
				ENABLE_PREVIEWS = YES;
				GENERATE_INFOPLIST_FILE = YES;
				INFOPLIST_KEY_UIApplicationSceneManifest_Generation = YES;
				INFOPLIST_KEY_UIApplicationSupportsIndirectInputEvents = YES;
				INFOPLIST_KEY_UILaunchScreen_Generation = YES;
				INFOPLIST_KEY_UISupportedInterfaceOrientations_iPad = "UIInterfaceOrientationPortrait UIInterfaceOrientationPortraitUpsideDown UIInterfaceOrientationLandscapeLeft UIInterfaceOrientationLandscapeRight";
				INFOPLIST_KEY_UISupportedInterfaceOrientations_iPhone = "UIInterfaceOrientationPortrait UIInterfaceOrientationLandscapeLeft UIInterfaceOrientationLandscapeRight";
				IPHONEOS_DEPLOYMENT_TARGET = 16.0.0;
				LD_RUNPATH_SEARCH_PATHS = (
					"$(inherited)",
					"@executable_path/Frameworks",
				);
				MARKETING_VERSION = 1.0;
				PRODUCT_BUNDLE_IDENTIFIER = com.RickAndMorty;
				PRODUCT_NAME = "$(TARGET_NAME)";
				SWIFT_EMIT_LOC_STRINGS = YES;
				SWIFT_VERSION = 5.0;
				TARGETED_DEVICE_FAMILY = "1,2";
			};
			name = Release;
		};
		27C11F412B69942F00DDCB29 /* Debug */ = {
			isa = XCBuildConfiguration;
			buildSettings = {
				ALWAYS_EMBED_SWIFT_STANDARD_LIBRARIES = YES;
				BUNDLE_LOADER = "$(TEST_HOST)";
				CODE_SIGN_STYLE = Automatic;
				CURRENT_PROJECT_VERSION = 1;
				DEVELOPMENT_TEAM = 4GQ9323TQC;
				GENERATE_INFOPLIST_FILE = YES;
				IPHONEOS_DEPLOYMENT_TARGET = 17.2;
				MARKETING_VERSION = 1.0;
				PRODUCT_BUNDLE_IDENTIFIER = com.RickAndMortyTests;
				PRODUCT_NAME = "$(TARGET_NAME)";
				SWIFT_EMIT_LOC_STRINGS = NO;
				SWIFT_VERSION = 5.0;
				TARGETED_DEVICE_FAMILY = "1,2";
				TEST_HOST = "$(BUILT_PRODUCTS_DIR)/RickAndMorty.app/$(BUNDLE_EXECUTABLE_FOLDER_PATH)/RickAndMorty";
			};
			name = Debug;
		};
		27C11F422B69942F00DDCB29 /* Release */ = {
			isa = XCBuildConfiguration;
			buildSettings = {
				ALWAYS_EMBED_SWIFT_STANDARD_LIBRARIES = YES;
				BUNDLE_LOADER = "$(TEST_HOST)";
				CODE_SIGN_STYLE = Automatic;
				CURRENT_PROJECT_VERSION = 1;
				DEVELOPMENT_TEAM = 4GQ9323TQC;
				GENERATE_INFOPLIST_FILE = YES;
				IPHONEOS_DEPLOYMENT_TARGET = 17.2;
				MARKETING_VERSION = 1.0;
				PRODUCT_BUNDLE_IDENTIFIER = com.RickAndMortyTests;
				PRODUCT_NAME = "$(TARGET_NAME)";
				SWIFT_EMIT_LOC_STRINGS = NO;
				SWIFT_VERSION = 5.0;
				TARGETED_DEVICE_FAMILY = "1,2";
				TEST_HOST = "$(BUILT_PRODUCTS_DIR)/RickAndMorty.app/$(BUNDLE_EXECUTABLE_FOLDER_PATH)/RickAndMorty";
			};
			name = Release;
		};
/* End XCBuildConfiguration section */

/* Begin XCConfigurationList section */
		27C11F142B69942D00DDCB29 /* Build configuration list for PBXProject "RickAndMorty" */ = {
			isa = XCConfigurationList;
			buildConfigurations = (
				27C11F3B2B69942F00DDCB29 /* Debug */,
				27C11F3C2B69942F00DDCB29 /* Release */,
			);
			defaultConfigurationIsVisible = 0;
			defaultConfigurationName = Release;
		};
		27C11F3D2B69942F00DDCB29 /* Build configuration list for PBXNativeTarget "RickAndMorty" */ = {
			isa = XCConfigurationList;
			buildConfigurations = (
				27C11F3E2B69942F00DDCB29 /* Debug */,
				27C11F3F2B69942F00DDCB29 /* Release */,
			);
			defaultConfigurationIsVisible = 0;
			defaultConfigurationName = Release;
		};
		27C11F402B69942F00DDCB29 /* Build configuration list for PBXNativeTarget "RickAndMortyTests" */ = {
			isa = XCConfigurationList;
			buildConfigurations = (
				27C11F412B69942F00DDCB29 /* Debug */,
				27C11F422B69942F00DDCB29 /* Release */,
			);
			defaultConfigurationIsVisible = 0;
			defaultConfigurationName = Release;
		};
/* End XCConfigurationList section */
	};
	rootObject = 27C11F112B69942D00DDCB29 /* Project object */;
}
